{
  "lockfileVersion": 1,
  "configVersion": 1,
  "workspaces": {
    "": {
      "name": "tova",
      "dependencies": {
        "apache-arrow": "^21.1.0",
        "parquet-wasm": "^0.7.1",
      },
      "devDependencies": {
        "@codemirror/autocomplete": "^6.20.0",
        "@codemirror/commands": "^6.10.2",
        "@codemirror/language": "^6.12.1",
        "@codemirror/lint": "^6.9.4",
        "@codemirror/search": "^6.6.0",
        "@codemirror/state": "^6.5.4",
        "@codemirror/theme-one-dark": "^6.1.3",
        "@codemirror/view": "^6.39.15",
        "@lezer/highlight": "^1.2.3",
        "codemirror": "^6.0.2",
      },
    },
  },
  "packages": {
    "@codemirror/autocomplete": ["@codemirror/autocomplete@6.20.0", "", { "dependencies": { "@codemirror/language": "^6.0.0", "@codemirror/state": "^6.0.0", "@codemirror/view": "^6.17.0", "@lezer/common": "^1.0.0" } }, "sha512-bOwvTOIJcG5FVo5gUUupiwYh8MioPLQ4UcqbcRf7UQ98X90tCa9E1kZ3Z7tqwpZxYyOvh1YTYbmZE9RTfTp5hg=="],

    "@codemirror/commands": ["@codemirror/commands@6.10.2", "", { "dependencies": { "@codemirror/language": "^6.0.0", "@codemirror/state": "^6.4.0", "@codemirror/view": "^6.27.0", "@lezer/common": "^1.1.0" } }, "sha512-vvX1fsih9HledO1c9zdotZYUZnE4xV0m6i3m25s5DIfXofuprk6cRcLUZvSk3CASUbwjQX21tOGbkY2BH8TpnQ=="],

    "@codemirror/language": ["@codemirror/language@6.12.1", "", { "dependencies": { "@codemirror/state": "^6.0.0", "@codemirror/view": "^6.23.0", "@lezer/common": "^1.5.0", "@lezer/highlight": "^1.0.0", "@lezer/lr": "^1.0.0", "style-mod": "^4.0.0" } }, "sha512-Fa6xkSiuGKc8XC8Cn96T+TQHYj4ZZ7RdFmXA3i9xe/3hLHfwPZdM+dqfX0Cp0zQklBKhVD8Yzc8LS45rkqcwpQ=="],

    "@codemirror/lint": ["@codemirror/lint@6.9.4", "", { "dependencies": { "@codemirror/state": "^6.0.0", "@codemirror/view": "^6.35.0", "crelt": "^1.0.5" } }, "sha512-ABc9vJ8DEmvOWuH26P3i8FpMWPQkduD9Rvba5iwb6O3hxASgclm3T3krGo8NASXkHCidz6b++LWlzWIUfEPSWw=="],

    "@codemirror/search": ["@codemirror/search@6.6.0", "", { "dependencies": { "@codemirror/state": "^6.0.0", "@codemirror/view": "^6.37.0", "crelt": "^1.0.5" } }, "sha512-koFuNXcDvyyotWcgOnZGmY7LZqEOXZaaxD/j6n18TCLx2/9HieZJ5H6hs1g8FiRxBD0DNfs0nXn17g872RmYdw=="],

    "@codemirror/state": ["@codemirror/state@6.5.4", "", { "dependencies": { "@marijn/find-cluster-break": "^1.0.0" } }, "sha512-8y7xqG/hpB53l25CIoit9/ngxdfoG+fx+V3SHBrinnhOtLvKHRyAJJuHzkWrR4YXXLX8eXBsejgAAxHUOdW1yw=="],

    "@codemirror/theme-one-dark": ["@codemirror/theme-one-dark@6.1.3", "", { "dependencies": { "@codemirror/language": "^6.0.0", "@codemirror/state": "^6.0.0", "@codemirror/view": "^6.0.0", "@lezer/highlight": "^1.0.0" } }, "sha512-NzBdIvEJmx6fjeremiGp3t/okrLPYT0d9orIc7AFun8oZcRk58aejkqhv6spnz4MLAevrKNPMQYXEWMg4s+sKA=="],

    "@codemirror/view": ["@codemirror/view@6.39.15", "", { "dependencies": { "@codemirror/state": "^6.5.0", "crelt": "^1.0.6", "style-mod": "^4.1.0", "w3c-keyname": "^2.2.4" } }, "sha512-aCWjgweIIXLBHh7bY6cACvXuyrZ0xGafjQ2VInjp4RM4gMfscK5uESiNdrH0pE+e1lZr2B4ONGsjchl2KsKZzg=="],

    "@lezer/common": ["@lezer/common@1.5.1", "", {}, "sha512-6YRVG9vBkaY7p1IVxL4s44n5nUnaNnGM2/AckNgYOnxTG2kWh1vR8BMxPseWPjRNpb5VtXnMpeYAEAADoRV1Iw=="],

    "@lezer/highlight": ["@lezer/highlight@1.2.3", "", { "dependencies": { "@lezer/common": "^1.3.0" } }, "sha512-qXdH7UqTvGfdVBINrgKhDsVTJTxactNNxLk7+UMwZhU13lMHaOBlJe9Vqp907ya56Y3+ed2tlqzys7jDkTmW0g=="],

    "@lezer/lr": ["@lezer/lr@1.4.8", "", { "dependencies": { "@lezer/common": "^1.0.0" } }, "sha512-bPWa0Pgx69ylNlMlPvBPryqeLYQjyJjqPx+Aupm5zydLIF3NE+6MMLT8Yi23Bd9cif9VS00aUebn+6fDIGBcDA=="],

    "@marijn/find-cluster-break": ["@marijn/find-cluster-break@1.0.2", "", {}, "sha512-l0h88YhZFyKdXIFNfSWpyjStDjGHwZ/U7iobcK1cQQD8sejsONdQtTVU+1wVN1PBw40PiiHB1vA5S7VTfQiP9g=="],

    "@swc/helpers": ["@swc/helpers@0.5.19", "", { "dependencies": { "tslib": "^2.8.0" } }, "sha512-QamiFeIK3txNjgUTNppE6MiG3p7TdninpZu0E0PbqVh1a9FNLT2FRhisaa4NcaX52XVhA5l7Pk58Ft7Sqi/2sA=="],

    "@types/command-line-args": ["@types/command-line-args@5.2.3", "", {}, "sha512-uv0aG6R0Y8WHZLTamZwtfsDLVRnOa+n+n5rEvFWL5Na5gZ8V2Teab/duDPFzIIIhs9qizDpcavCusCLJZu62Kw=="],

    "@types/command-line-usage": ["@types/command-line-usage@5.0.4", "", {}, "sha512-BwR5KP3Es/CSht0xqBcUXS3qCAUVXwpRKsV2+arxeb65atasuXG9LykC9Ab10Cw3s2raH92ZqOeILaQbsB2ACg=="],

    "@types/node": ["@types/node@24.12.0", "", { "dependencies": { "undici-types": "~7.16.0" } }, "sha512-GYDxsZi3ChgmckRT9HPU0WEhKLP08ev/Yfcq2AstjrDASOYCSXeyjDsHg4v5t4jOj7cyDX3vmprafKlWIG9MXQ=="],

    "ansi-styles": ["ansi-styles@4.3.0", "", { "dependencies": { "color-convert": "^2.0.1" } }, "sha512-zbB9rCJAT1rbjiVDb2hqKFHNYLxgtk8NURxZ3IZwD3F6NtxbXZQCnnSi1Lkx+IDohdPlFp222wVALIheZJQSEg=="],

    "apache-arrow": ["apache-arrow@21.1.0", "", { "dependencies": { "@swc/helpers": "^0.5.11", "@types/command-line-args": "^5.2.3", "@types/command-line-usage": "^5.0.4", "@types/node": "^24.0.3", "command-line-args": "^6.0.1", "command-line-usage": "^7.0.1", "flatbuffers": "^25.1.24", "json-bignum": "^0.0.3", "tslib": "^2.6.2" }, "bin": { "arrow2csv": "bin/arrow2csv.js" } }, "sha512-kQrYLxhC+NTVVZ4CCzGF6L/uPVOzJmD1T3XgbiUnP7oTeVFOFgEUu6IKNwCDkpFoBVqDKQivlX4RUFqqnWFlEA=="],

    "array-back": ["array-back@6.2.2", "", {}, "sha512-gUAZ7HPyb4SJczXAMUXMGAvI976JoK3qEx9v1FTmeYuJj0IBiaKttG1ydtGKdkfqWkIkouke7nG8ufGy77+Cvw=="],

    "chalk": ["chalk@4.1.2", "", { "dependencies": { "ansi-styles": "^4.1.0", "supports-color": "^7.1.0" } }, "sha512-oKnbhFyRIXpUuez8iBMmyEa4nbj4IOQyuhc/wy9kY7/WVPcwIO9VA668Pu8RkO7+0G76SLROeyw9CpQ061i4mA=="],

    "chalk-template": ["chalk-template@0.4.0", "", { "dependencies": { "chalk": "^4.1.2" } }, "sha512-/ghrgmhfY8RaSdeo43hNXxpoHAtxdbskUHjPpfqUWGttFgycUhYPGx3YZBCnUCvOa7Doivn1IZec3DEGFoMgLg=="],

    "codemirror": ["codemirror@6.0.2", "", { "dependencies": { "@codemirror/autocomplete": "^6.0.0", "@codemirror/commands": "^6.0.0", "@codemirror/language": "^6.0.0", "@codemirror/lint": "^6.0.0", "@codemirror/search": "^6.0.0", "@codemirror/state": "^6.0.0", "@codemirror/view": "^6.0.0" } }, "sha512-VhydHotNW5w1UGK0Qj96BwSk/Zqbp9WbnyK2W/eVMv4QyF41INRGpjUhFJY7/uDNuudSc33a/PKr4iDqRduvHw=="],

    "color-convert": ["color-convert@2.0.1", "", { "dependencies": { "color-name": "~1.1.4" } }, "sha512-RRECPsj7iu/xb5oKYcsFHSppFNnsj/52OVTRKb4zP5onXwVF3zVmmToNcOfGC+CRDpfK/U584fMg38ZHCaElKQ=="],

    "color-name": ["color-name@1.1.4", "", {}, "sha512-dOy+3AuW3a2wNbZHIuMZpTcgjGuLU/uBL/ubcZF9OXbDo8ff4O8yVp5Bf0efS8uEoYo5q4Fx7dY9OgQGXgAsQA=="],

    "command-line-args": ["command-line-args@6.0.1", "", { "dependencies": { "array-back": "^6.2.2", "find-replace": "^5.0.2", "lodash.camelcase": "^4.3.0", "typical": "^7.2.0" }, "peerDependencies": { "@75lb/nature": "latest" }, "optionalPeers": ["@75lb/nature"] }, "sha512-Jr3eByUjqyK0qd8W0SGFW1nZwqCaNCtbXjRo2cRJC1OYxWl3MZ5t1US3jq+cO4sPavqgw4l9BMGX0CBe+trepg=="],

    "command-line-usage": ["command-line-usage@7.0.4", "", { "dependencies": { "array-back": "^6.2.2", "chalk-template": "^0.4.0", "table-layout": "^4.1.1", "typical": "^7.3.0" } }, "sha512-85UdvzTNx/+s5CkSgBm/0hzP80RFHAa7PsfeADE5ezZF3uHz3/Tqj9gIKGT9PTtpycc3Ua64T0oVulGfKxzfqg=="],

    "crelt": ["crelt@1.0.6", "", {}, "sha512-VQ2MBenTq1fWZUH9DJNGti7kKv6EeAuYr3cLwxUWhIu1baTaXh4Ib5W2CqHVqib4/MqbYGJqiL3Zb8GJZr3l4g=="],

    "find-replace": ["find-replace@5.0.2", "", { "peerDependencies": { "@75lb/nature": "latest" }, "optionalPeers": ["@75lb/nature"] }, "sha512-Y45BAiE3mz2QsrN2fb5QEtO4qb44NcS7en/0y9PEVsg351HsLeVclP8QPMH79Le9sH3rs5RSwJu99W0WPZO43Q=="],

    "flatbuffers": ["flatbuffers@25.9.23", "", {}, "sha512-MI1qs7Lo4Syw0EOzUl0xjs2lsoeqFku44KpngfIduHBYvzm8h2+7K8YMQh1JtVVVrUvhLpNwqVi4DERegUJhPQ=="],

    "has-flag": ["has-flag@4.0.0", "", {}, "sha512-EykJT/Q1KjTWctppgIAgfSO0tKVuZUjhgMr17kqTumMl6Afv3EISleU7qZUzoXDFTAHTDC4NOoG/ZxU3EvlMPQ=="],

    "json-bignum": ["json-bignum@0.0.3", "", {}, "sha512-2WHyXj3OfHSgNyuzDbSxI1w2jgw5gkWSWhS7Qg4bWXx1nLk3jnbwfUeS0PSba3IzpTUWdHxBieELUzXRjQB2zg=="],

    "lodash.camelcase": ["lodash.camelcase@4.3.0", "", {}, "sha512-TwuEnCnxbc3rAvhf/LbG7tJUDzhqXyFnv3dtzLOPgCG/hODL7WFnsbwktkD7yUV0RrreP/l1PALq/YSg6VvjlA=="],

    "parquet-wasm": ["parquet-wasm@0.7.1", "", {}, "sha512-fjEGpMApzt3mpI2pUxdRgQGu5G+s4nr0vm5xn43JO7jxdYzzu2fHrVrTHtfeEhtB6vfvTzJBz0WydDYzLWvszQ=="],

    "style-mod": ["style-mod@4.1.3", "", {}, "sha512-i/n8VsZydrugj3Iuzll8+x/00GH2vnYsk1eomD8QiRrSAeW6ItbCQDtfXCeJHd0iwiNagqjQkvpvREEPtW3IoQ=="],

    "supports-color": ["supports-color@7.2.0", "", { "dependencies": { "has-flag": "^4.0.0" } }, "sha512-qpCAvRl9stuOHveKsn7HncJRvv501qIacKzQlO/+Lwxc9+0q2wLyv4Dfvt80/DPn2pqOBsJdDiogXGR9+OvwRw=="],

    "table-layout": ["table-layout@4.1.1", "", { "dependencies": { "array-back": "^6.2.2", "wordwrapjs": "^5.1.0" } }, "sha512-iK5/YhZxq5GO5z8wb0bY1317uDF3Zjpha0QFFLA8/trAoiLbQD0HUbMesEaxyzUgDxi2QlcbM8IvqOlEjgoXBA=="],

    "tslib": ["tslib@2.8.1", "", {}, "sha512-oJFu94HQb+KVduSUQL7wnpmqnfmLsOA/nAh6b6EH0wCEoK0/mPeXU6c3wKDV83MkOuHPRHtSXKKU99IBazS/2w=="],

    "typical": ["typical@7.3.0", "", {}, "sha512-ya4mg/30vm+DOWfBg4YK3j2WD6TWtRkCbasOJr40CseYENzCUby/7rIvXA99JGsQHeNxLbnXdyLLxKSv3tauFw=="],

    "undici-types": ["undici-types@7.16.0", "", {}, "sha512-Zz+aZWSj8LE6zoxD+xrjh4VfkIG8Ya6LvYkZqtUQGJPZjYl53ypCaUwWqo7eI0x66KBGeRo+mlBEkMSeSZ38Nw=="],

    "w3c-keyname": ["w3c-keyname@2.2.8", "", {}, "sha512-dpojBhNsCNN7T82Tm7k26A6G9ML3NkhDsnw9n/eoxSRlVBB4CEtIQ/KTCLI2Fwf3ataSXRhYFkQi3SlnFwPvPQ=="],

    "wordwrapjs": ["wordwrapjs@5.1.1", "", {}, "sha512-0yweIbkINJodk27gX9LBGMzyQdBDan3s/dEAiwBOj+Mf0PPyWL6/rikalkv8EeD0E8jm4o5RXEOrFTP3NXbhJg=="],
  }
}
